// !$*UTF8*$!
{
	archiveVersion = 1;
	classes = {
	};
	objectVersion = 56;
	objects = {

/* Begin PBXBuildFile section */
		105A551729FD5FC8003C8276 /* LandmarksList.swift in Sources */ = {isa = PBXBuildFile; fileRef = 10BDF6D229FC3F52006BA93E /* LandmarksList.swift */; };
		106399C829EC4844007B5DD0 /* CategoryHome.swift in Sources */ = {isa = PBXBuildFile; fileRef = 106399C729EC4844007B5DD0 /* CategoryHome.swift */; };
		106399CA29EC4ABB007B5DD0 /* CategoryRow.swift in Sources */ = {isa = PBXBuildFile; fileRef = 106399C929EC4ABB007B5DD0 /* CategoryRow.swift */; };
		106399CC29EC4CAB007B5DD0 /* CategoryItem.swift in Sources */ = {isa = PBXBuildFile; fileRef = 106399CB29EC4CAB007B5DD0 /* CategoryItem.swift */; };
		106399CE29ED9B3C007B5DD0 /* Profile.swift in Sources */ = {isa = PBXBuildFile; fileRef = 106399CD29ED9B3C007B5DD0 /* Profile.swift */; };
		106399D129ED9B9E007B5DD0 /* ProfileHost.swift in Sources */ = {isa = PBXBuildFile; fileRef = 106399D029ED9B9E007B5DD0 /* ProfileHost.swift */; };
		106399D329ED9C38007B5DD0 /* ProfileSummary.swift in Sources */ = {isa = PBXBuildFile; fileRef = 106399D229ED9C38007B5DD0 /* ProfileSummary.swift */; };
		106399D529ED9D16007B5DD0 /* HikeBadge.swift in Sources */ = {isa = PBXBuildFile; fileRef = 106399D429ED9D16007B5DD0 /* HikeBadge.swift */; };
		106399D729EDA262007B5DD0 /* ProfileEditor.swift in Sources */ = {isa = PBXBuildFile; fileRef = 106399D629EDA262007B5DD0 /* ProfileEditor.swift */; };
		106399EC29EF0860007B5DD0 /* PageViewController.swift in Sources */ = {isa = PBXBuildFile; fileRef = 106399EB29EF0860007B5DD0 /* PageViewController.swift */; };
		106399EE29EF09A6007B5DD0 /* FeatureCard.swift in Sources */ = {isa = PBXBuildFile; fileRef = 106399ED29EF09A6007B5DD0 /* FeatureCard.swift */; };
		106399F029EF0A28007B5DD0 /* PageView.swift in Sources */ = {isa = PBXBuildFile; fileRef = 106399EF29EF0A28007B5DD0 /* PageView.swift */; };
		106399F229EF0E8E007B5DD0 /* PageControl.swift in Sources */ = {isa = PBXBuildFile; fileRef = 106399F129EF0E8E007B5DD0 /* PageControl.swift */; };
		10BDF6B329FC3497006BA93E /* ContentView.swift in Sources */ = {isa = PBXBuildFile; fileRef = 10BDF6B229FC3497006BA93E /* ContentView.swift */; };
		10BDF6B529FC3498006BA93E /* Assets.xcassets in Resources */ = {isa = PBXBuildFile; fileRef = 10BDF6B429FC3498006BA93E /* Assets.xcassets */; };
		10BDF6B829FC3498006BA93E /* Preview Assets.xcassets in Resources */ = {isa = PBXBuildFile; fileRef = 10BDF6B729FC3498006BA93E /* Preview Assets.xcassets */; };
		10BDF6BD29FC3603006BA93E /* LandmarksApp.swift in Sources */ = {isa = PBXBuildFile; fileRef = 10EAAFE229E314F10068F8A3 /* LandmarksApp.swift */; };
		10BDF6BE29FC36C6006BA93E /* LandmarksList.swift in Sources */ = {isa = PBXBuildFile; fileRef = 10EAAFFF29E5A96B0068F8A3 /* LandmarksList.swift */; };
		10BDF6BF29FC36D5006BA93E /* landmarkData.json in Resources */ = {isa = PBXBuildFile; fileRef = 10EAAFF429E5A45C0068F8A3 /* landmarkData.json */; };
		10BDF6C029FC36D5006BA93E /* ModelData.swift in Sources */ = {isa = PBXBuildFile; fileRef = 10EAAFF829E5A5A10068F8A3 /* ModelData.swift */; };
		10BDF6C129FC36D5006BA93E /* Landmark.swift in Sources */ = {isa = PBXBuildFile; fileRef = 10EAAFF629E5A48A0068F8A3 /* Landmark.swift */; };
		10BDF6C229FC36D5006BA93E /* Hike.swift in Sources */ = {isa = PBXBuildFile; fileRef = 10EAB01629E9B2F70068F8A3 /* Hike.swift */; };
		10BDF6C329FC36D5006BA93E /* Profile.swift in Sources */ = {isa = PBXBuildFile; fileRef = 106399CD29ED9B3C007B5DD0 /* Profile.swift */; };
		10BDF6C429FC36D5006BA93E /* hikeData.json in Resources */ = {isa = PBXBuildFile; fileRef = 10EAB01429E9B2D20068F8A3 /* hikeData.json */; };
		10BDF6C529FC36D5006BA93E /* Assets.xcassets in Resources */ = {isa = PBXBuildFile; fileRef = 10EAAFE629E314F40068F8A3 /* Assets.xcassets */; };
		10BDF6C629FC36DE006BA93E /* CircleImage.swift in Sources */ = {isa = PBXBuildFile; fileRef = 10EAAFF029E31B060068F8A3 /* CircleImage.swift */; };
		10BDF6C729FC36DE006BA93E /* FavoriteButton.swift in Sources */ = {isa = PBXBuildFile; fileRef = 10EAB00329E719AD0068F8A3 /* FavoriteButton.swift */; };
		10BDF6C829FC36DE006BA93E /* MapView.swift in Sources */ = {isa = PBXBuildFile; fileRef = 10EAAFF229E31C800068F8A3 /* MapView.swift */; };
		10BDF6C929FC36FD006BA93E /* LandmarkRow.swift in Sources */ = {isa = PBXBuildFile; fileRef = 10EAAFFD29E5A6DD0068F8A3 /* LandmarkRow.swift */; };
		10BDF6CB29FC3768006BA93E /* LandmarkDetail.swift in Sources */ = {isa = PBXBuildFile; fileRef = 10BDF6CA29FC3768006BA93E /* LandmarkDetail.swift */; };
		10EAAFE329E314F10068F8A3 /* LandmarksApp.swift in Sources */ = {isa = PBXBuildFile; fileRef = 10EAAFE229E314F10068F8A3 /* LandmarksApp.swift */; };
		10EAAFE529E314F10068F8A3 /* ContentView.swift in Sources */ = {isa = PBXBuildFile; fileRef = 10EAAFE429E314F10068F8A3 /* ContentView.swift */; };
		10EAAFE729E314F40068F8A3 /* Assets.xcassets in Resources */ = {isa = PBXBuildFile; fileRef = 10EAAFE629E314F40068F8A3 /* Assets.xcassets */; };
		10EAAFEA29E314F40068F8A3 /* Preview Assets.xcassets in Resources */ = {isa = PBXBuildFile; fileRef = 10EAAFE929E314F40068F8A3 /* Preview Assets.xcassets */; };
		10EAAFF129E31B060068F8A3 /* CircleImage.swift in Sources */ = {isa = PBXBuildFile; fileRef = 10EAAFF029E31B060068F8A3 /* CircleImage.swift */; };
		10EAAFF329E31C800068F8A3 /* MapView.swift in Sources */ = {isa = PBXBuildFile; fileRef = 10EAAFF229E31C800068F8A3 /* MapView.swift */; };
		10EAAFF529E5A45C0068F8A3 /* landmarkData.json in Resources */ = {isa = PBXBuildFile; fileRef = 10EAAFF429E5A45C0068F8A3 /* landmarkData.json */; };
		10EAAFF729E5A48A0068F8A3 /* Landmark.swift in Sources */ = {isa = PBXBuildFile; fileRef = 10EAAFF629E5A48A0068F8A3 /* Landmark.swift */; };
		10EAAFF929E5A5A10068F8A3 /* ModelData.swift in Sources */ = {isa = PBXBuildFile; fileRef = 10EAAFF829E5A5A10068F8A3 /* ModelData.swift */; };
		10EAAFFE29E5A6DD0068F8A3 /* LandmarkRow.swift in Sources */ = {isa = PBXBuildFile; fileRef = 10EAAFFD29E5A6DD0068F8A3 /* LandmarkRow.swift */; };
		10EAB00029E5A96B0068F8A3 /* LandmarksList.swift in Sources */ = {isa = PBXBuildFile; fileRef = 10EAAFFF29E5A96B0068F8A3 /* LandmarksList.swift */; };
		10EAB00229E5AAD00068F8A3 /* LandmarkDetail.swift in Sources */ = {isa = PBXBuildFile; fileRef = 10EAB00129E5AAD00068F8A3 /* LandmarkDetail.swift */; };
		10EAB00429E719AD0068F8A3 /* FavoriteButton.swift in Sources */ = {isa = PBXBuildFile; fileRef = 10EAB00329E719AD0068F8A3 /* FavoriteButton.swift */; };
		10EAB00829E859DB0068F8A3 /* HexagonParameters.swift in Sources */ = {isa = PBXBuildFile; fileRef = 10EAB00729E859DB0068F8A3 /* HexagonParameters.swift */; };
		10EAB00A29E85AFB0068F8A3 /* BadgeBackground.swift in Sources */ = {isa = PBXBuildFile; fileRef = 10EAB00929E85AFB0068F8A3 /* BadgeBackground.swift */; };
		10EAB00C29E8621A0068F8A3 /* BadgeSymbol.swift in Sources */ = {isa = PBXBuildFile; fileRef = 10EAB00B29E8621A0068F8A3 /* BadgeSymbol.swift */; };
		10EAB00E29E863CC0068F8A3 /* RotatedBadgeSymbol.swift in Sources */ = {isa = PBXBuildFile; fileRef = 10EAB00D29E863CC0068F8A3 /* RotatedBadgeSymbol.swift */; };
		10EAB01029E864510068F8A3 /* Badge.swift in Sources */ = {isa = PBXBuildFile; fileRef = 10EAB00F29E864510068F8A3 /* Badge.swift */; };
		10EAB01529E9B2D20068F8A3 /* hikeData.json in Resources */ = {isa = PBXBuildFile; fileRef = 10EAB01429E9B2D20068F8A3 /* hikeData.json */; };
		10EAB01729E9B2F70068F8A3 /* Hike.swift in Sources */ = {isa = PBXBuildFile; fileRef = 10EAB01629E9B2F70068F8A3 /* Hike.swift */; };
		10EAB01D29E9B3A00068F8A3 /* GraphCapsule.swift in Sources */ = {isa = PBXBuildFile; fileRef = 10EAB01929E9B3A00068F8A3 /* GraphCapsule.swift */; };
		10EAB01E29E9B3A00068F8A3 /* HikeGraph.swift in Sources */ = {isa = PBXBuildFile; fileRef = 10EAB01A29E9B3A00068F8A3 /* HikeGraph.swift */; };
		10EAB01F29E9B3A00068F8A3 /* HikeDetail.swift in Sources */ = {isa = PBXBuildFile; fileRef = 10EAB01B29E9B3A00068F8A3 /* HikeDetail.swift */; };
		10EAB02029E9B3A00068F8A3 /* HikeView.swift in Sources */ = {isa = PBXBuildFile; fileRef = 10EAB01C29E9B3A00068F8A3 /* HikeView.swift */; };
		10FBA52C29F04F89000D6C4E /* ContentView.swift in Sources */ = {isa = PBXBuildFile; fileRef = 10FBA52B29F04F89000D6C4E /* ContentView.swift */; };
		10FBA52E29F04F8C000D6C4E /* Assets.xcassets in Resources */ = {isa = PBXBuildFile; fileRef = 10FBA52D29F04F8C000D6C4E /* Assets.xcassets */; };
		10FBA53129F04F8C000D6C4E /* Preview Assets.xcassets in Resources */ = {isa = PBXBuildFile; fileRef = 10FBA53029F04F8C000D6C4E /* Preview Assets.xcassets */; };
		10FBA53629F05223000D6C4E /* Landmark.swift in Sources */ = {isa = PBXBuildFile; fileRef = 10EAAFF629E5A48A0068F8A3 /* Landmark.swift */; };
		10FBA53729F05223000D6C4E /* MapView.swift in Sources */ = {isa = PBXBuildFile; fileRef = 10EAAFF229E31C800068F8A3 /* MapView.swift */; };
		10FBA53829F05223000D6C4E /* ModelData.swift in Sources */ = {isa = PBXBuildFile; fileRef = 10EAAFF829E5A5A10068F8A3 /* ModelData.swift */; };
		10FBA53929F05223000D6C4E /* LandmarkRow.swift in Sources */ = {isa = PBXBuildFile; fileRef = 10EAAFFD29E5A6DD0068F8A3 /* LandmarkRow.swift */; };
		10FBA53A29F05223000D6C4E /* Hike.swift in Sources */ = {isa = PBXBuildFile; fileRef = 10EAB01629E9B2F70068F8A3 /* Hike.swift */; };
		10FBA53B29F05223000D6C4E /* hikeData.json in Resources */ = {isa = PBXBuildFile; fileRef = 10EAB01429E9B2D20068F8A3 /* hikeData.json */; };
		10FBA53C29F05223000D6C4E /* landmarkData.json in Resources */ = {isa = PBXBuildFile; fileRef = 10EAAFF429E5A45C0068F8A3 /* landmarkData.json */; };
		10FBA53D29F05223000D6C4E /* Assets.xcassets in Resources */ = {isa = PBXBuildFile; fileRef = 10EAAFE629E314F40068F8A3 /* Assets.xcassets */; };
		10FBA53E29F05223000D6C4E /* LandmarksApp.swift in Sources */ = {isa = PBXBuildFile; fileRef = 10EAAFE229E314F10068F8A3 /* LandmarksApp.swift */; };
		10FBA53F29F05223000D6C4E /* CircleImage.swift in Sources */ = {isa = PBXBuildFile; fileRef = 10EAAFF029E31B060068F8A3 /* CircleImage.swift */; };
		10FBA54029F05223000D6C4E /* Profile.swift in Sources */ = {isa = PBXBuildFile; fileRef = 106399CD29ED9B3C007B5DD0 /* Profile.swift */; };
		10FBA54229F05381000D6C4E /* LandmarkDetail.swift in Sources */ = {isa = PBXBuildFile; fileRef = 10FBA54129F05381000D6C4E /* LandmarkDetail.swift */; };
		10FBA54429F0591B000D6C4E /* NotificationView.swift in Sources */ = {isa = PBXBuildFile; fileRef = 10FBA54329F0591B000D6C4E /* NotificationView.swift */; };
		10FBA54629F05999000D6C4E /* NotificationController.swift in Sources */ = {isa = PBXBuildFile; fileRef = 10FBA54529F05999000D6C4E /* NotificationController.swift */; };
		10FBA54829F05AA5000D6C4E /* PushNotificationPayload.apns in Resources */ = {isa = PBXBuildFile; fileRef = 10FBA54729F05AA5000D6C4E /* PushNotificationPayload.apns */; };
/* End PBXBuildFile section */

/* Begin PBXFileReference section */
		106399C729EC4844007B5DD0 /* CategoryHome.swift */ = {isa = PBXFileReference; lastKnownFileType = sourcecode.swift; path = CategoryHome.swift; sourceTree = "<group>"; };
		106399C929EC4ABB007B5DD0 /* CategoryRow.swift */ = {isa = PBXFileReference; lastKnownFileType = sourcecode.swift; path = CategoryRow.swift; sourceTree = "<group>"; };
		106399CB29EC4CAB007B5DD0 /* CategoryItem.swift */ = {isa = PBXFileReference; lastKnownFileType = sourcecode.swift; path = CategoryItem.swift; sourceTree = "<group>"; };
		106399CD29ED9B3C007B5DD0 /* Profile.swift */ = {isa = PBXFileReference; lastKnownFileType = sourcecode.swift; path = Profile.swift; sourceTree = "<group>"; };
		106399D029ED9B9E007B5DD0 /* ProfileHost.swift */ = {isa = PBXFileReference; lastKnownFileType = sourcecode.swift; path = ProfileHost.swift; sourceTree = "<group>"; };
		106399D229ED9C38007B5DD0 /* ProfileSummary.swift */ = {isa = PBXFileReference; lastKnownFileType = sourcecode.swift; path = ProfileSummary.swift; sourceTree = "<group>"; };
		106399D429ED9D16007B5DD0 /* HikeBadge.swift */ = {isa = PBXFileReference; lastKnownFileType = sourcecode.swift; path = HikeBadge.swift; sourceTree = "<group>"; };
		106399D629EDA262007B5DD0 /* ProfileEditor.swift */ = {isa = PBXFileReference; lastKnownFileType = sourcecode.swift; path = ProfileEditor.swift; sourceTree = "<group>"; };
		106399EB29EF0860007B5DD0 /* PageViewController.swift */ = {isa = PBXFileReference; lastKnownFileType = sourcecode.swift; path = PageViewController.swift; sourceTree = "<group>"; };
		106399ED29EF09A6007B5DD0 /* FeatureCard.swift */ = {isa = PBXFileReference; lastKnownFileType = sourcecode.swift; path = FeatureCard.swift; sourceTree = "<group>"; };
		106399EF29EF0A28007B5DD0 /* PageView.swift */ = {isa = PBXFileReference; lastKnownFileType = sourcecode.swift; path = PageView.swift; sourceTree = "<group>"; };
		106399F129EF0E8E007B5DD0 /* PageControl.swift */ = {isa = PBXFileReference; lastKnownFileType = sourcecode.swift; path = PageControl.swift; sourceTree = "<group>"; };
		10BDF6AE29FC3497006BA93E /* MacLandmarks.app */ = {isa = PBXFileReference; explicitFileType = wrapper.application; includeInIndex = 0; path = MacLandmarks.app; sourceTree = BUILT_PRODUCTS_DIR; };
		10BDF6B229FC3497006BA93E /* ContentView.swift */ = {isa = PBXFileReference; lastKnownFileType = sourcecode.swift; path = ContentView.swift; sourceTree = "<group>"; };
		10BDF6B429FC3498006BA93E /* Assets.xcassets */ = {isa = PBXFileReference; lastKnownFileType = folder.assetcatalog; path = Assets.xcassets; sourceTree = "<group>"; };
		10BDF6B729FC3498006BA93E /* Preview Assets.xcassets */ = {isa = PBXFileReference; lastKnownFileType = folder.assetcatalog; path = "Preview Assets.xcassets"; sourceTree = "<group>"; };
		10BDF6B929FC3498006BA93E /* MacLandmarks.entitlements */ = {isa = PBXFileReference; lastKnownFileType = text.plist.entitlements; path = MacLandmarks.entitlements; sourceTree = "<group>"; };
		10BDF6CA29FC3768006BA93E /* LandmarkDetail.swift */ = {isa = PBXFileReference; lastKnownFileType = sourcecode.swift; path = LandmarkDetail.swift; sourceTree = "<group>"; };
		10BDF6D229FC3F52006BA93E /* LandmarksList.swift */ = {isa = PBXFileReference; lastKnownFileType = sourcecode.swift; path = LandmarksList.swift; sourceTree = "<group>"; };
		10EAAFDF29E314F10068F8A3 /* Landmarks.app */ = {isa = PBXFileReference; explicitFileType = wrapper.application; includeInIndex = 0; path = Landmarks.app; sourceTree = BUILT_PRODUCTS_DIR; };
		10EAAFE229E314F10068F8A3 /* LandmarksApp.swift */ = {isa = PBXFileReference; lastKnownFileType = sourcecode.swift; path = LandmarksApp.swift; sourceTree = "<group>"; };
		10EAAFE429E314F10068F8A3 /* ContentView.swift */ = {isa = PBXFileReference; lastKnownFileType = sourcecode.swift; path = ContentView.swift; sourceTree = "<group>"; };
		10EAAFE629E314F40068F8A3 /* Assets.xcassets */ = {isa = PBXFileReference; lastKnownFileType = folder.assetcatalog; path = Assets.xcassets; sourceTree = "<group>"; };
		10EAAFE929E314F40068F8A3 /* Preview Assets.xcassets */ = {isa = PBXFileReference; lastKnownFileType = folder.assetcatalog; path = "Preview Assets.xcassets"; sourceTree = "<group>"; };
		10EAAFF029E31B060068F8A3 /* CircleImage.swift */ = {isa = PBXFileReference; lastKnownFileType = sourcecode.swift; path = CircleImage.swift; sourceTree = "<group>"; };
		10EAAFF229E31C800068F8A3 /* MapView.swift */ = {isa = PBXFileReference; lastKnownFileType = sourcecode.swift; path = MapView.swift; sourceTree = "<group>"; };
		10EAAFF429E5A45C0068F8A3 /* landmarkData.json */ = {isa = PBXFileReference; fileEncoding = 4; lastKnownFileType = text.json; path = landmarkData.json; sourceTree = "<group>"; };
		10EAAFF629E5A48A0068F8A3 /* Landmark.swift */ = {isa = PBXFileReference; lastKnownFileType = sourcecode.swift; path = Landmark.swift; sourceTree = "<group>"; };
		10EAAFF829E5A5A10068F8A3 /* ModelData.swift */ = {isa = PBXFileReference; lastKnownFileType = sourcecode.swift; path = ModelData.swift; sourceTree = "<group>"; };
		10EAAFFD29E5A6DD0068F8A3 /* LandmarkRow.swift */ = {isa = PBXFileReference; lastKnownFileType = sourcecode.swift; path = LandmarkRow.swift; sourceTree = "<group>"; };
		10EAAFFF29E5A96B0068F8A3 /* LandmarksList.swift */ = {isa = PBXFileReference; lastKnownFileType = sourcecode.swift; path = LandmarksList.swift; sourceTree = "<group>"; };
		10EAB00129E5AAD00068F8A3 /* LandmarkDetail.swift */ = {isa = PBXFileReference; lastKnownFileType = sourcecode.swift; path = LandmarkDetail.swift; sourceTree = "<group>"; };
		10EAB00329E719AD0068F8A3 /* FavoriteButton.swift */ = {isa = PBXFileReference; lastKnownFileType = sourcecode.swift; path = FavoriteButton.swift; sourceTree = "<group>"; };
		10EAB00729E859DB0068F8A3 /* HexagonParameters.swift */ = {isa = PBXFileReference; lastKnownFileType = sourcecode.swift; path = HexagonParameters.swift; sourceTree = "<group>"; };
		10EAB00929E85AFB0068F8A3 /* BadgeBackground.swift */ = {isa = PBXFileReference; lastKnownFileType = sourcecode.swift; path = BadgeBackground.swift; sourceTree = "<group>"; };
		10EAB00B29E8621A0068F8A3 /* BadgeSymbol.swift */ = {isa = PBXFileReference; lastKnownFileType = sourcecode.swift; path = BadgeSymbol.swift; sourceTree = "<group>"; };
		10EAB00D29E863CC0068F8A3 /* RotatedBadgeSymbol.swift */ = {isa = PBXFileReference; lastKnownFileType = sourcecode.swift; path = RotatedBadgeSymbol.swift; sourceTree = "<group>"; };
		10EAB00F29E864510068F8A3 /* Badge.swift */ = {isa = PBXFileReference; lastKnownFileType = sourcecode.swift; path = Badge.swift; sourceTree = "<group>"; };
		10EAB01429E9B2D20068F8A3 /* hikeData.json */ = {isa = PBXFileReference; fileEncoding = 4; lastKnownFileType = text.json; path = hikeData.json; sourceTree = "<group>"; };
		10EAB01629E9B2F70068F8A3 /* Hike.swift */ = {isa = PBXFileReference; lastKnownFileType = sourcecode.swift; path = Hike.swift; sourceTree = "<group>"; };
		10EAB01929E9B3A00068F8A3 /* GraphCapsule.swift */ = {isa = PBXFileReference; fileEncoding = 4; lastKnownFileType = sourcecode.swift; path = GraphCapsule.swift; sourceTree = "<group>"; };
		10EAB01A29E9B3A00068F8A3 /* HikeGraph.swift */ = {isa = PBXFileReference; fileEncoding = 4; lastKnownFileType = sourcecode.swift; path = HikeGraph.swift; sourceTree = "<group>"; };
		10EAB01B29E9B3A00068F8A3 /* HikeDetail.swift */ = {isa = PBXFileReference; fileEncoding = 4; lastKnownFileType = sourcecode.swift; path = HikeDetail.swift; sourceTree = "<group>"; };
		10EAB01C29E9B3A00068F8A3 /* HikeView.swift */ = {isa = PBXFileReference; fileEncoding = 4; lastKnownFileType = sourcecode.swift; path = HikeView.swift; sourceTree = "<group>"; };
		10FBA52729F04F89000D6C4E /* WatchLandmarks Watch App.app */ = {isa = PBXFileReference; explicitFileType = wrapper.application; includeInIndex = 0; path = "WatchLandmarks Watch App.app"; sourceTree = BUILT_PRODUCTS_DIR; };
		10FBA52B29F04F89000D6C4E /* ContentView.swift */ = {isa = PBXFileReference; lastKnownFileType = sourcecode.swift; path = ContentView.swift; sourceTree = "<group>"; };
		10FBA52D29F04F8C000D6C4E /* Assets.xcassets */ = {isa = PBXFileReference; lastKnownFileType = folder.assetcatalog; path = Assets.xcassets; sourceTree = "<group>"; };
		10FBA53029F04F8C000D6C4E /* Preview Assets.xcassets */ = {isa = PBXFileReference; lastKnownFileType = folder.assetcatalog; path = "Preview Assets.xcassets"; sourceTree = "<group>"; };
		10FBA54129F05381000D6C4E /* LandmarkDetail.swift */ = {isa = PBXFileReference; lastKnownFileType = sourcecode.swift; path = LandmarkDetail.swift; sourceTree = "<group>"; };
		10FBA54329F0591B000D6C4E /* NotificationView.swift */ = {isa = PBXFileReference; lastKnownFileType = sourcecode.swift; path = NotificationView.swift; sourceTree = "<group>"; };
		10FBA54529F05999000D6C4E /* NotificationController.swift */ = {isa = PBXFileReference; lastKnownFileType = sourcecode.swift; path = NotificationController.swift; sourceTree = "<group>"; };
		10FBA54729F05AA5000D6C4E /* PushNotificationPayload.apns */ = {isa = PBXFileReference; lastKnownFileType = text; path = PushNotificationPayload.apns; sourceTree = "<group>"; };
/* End PBXFileReference section */

/* Begin PBXFrameworksBuildPhase section */
		10BDF6AB29FC3497006BA93E /* Frameworks */ = {
			isa = PBXFrameworksBuildPhase;
			buildActionMask = 2147483647;
			files = (
			);
			runOnlyForDeploymentPostprocessing = 0;
		};
		10EAAFDC29E314F10068F8A3 /* Frameworks */ = {
			isa = PBXFrameworksBuildPhase;
			buildActionMask = 2147483647;
			files = (
			);
			runOnlyForDeploymentPostprocessing = 0;
		};
		10FBA52429F04F89000D6C4E /* Frameworks */ = {
			isa = PBXFrameworksBuildPhase;
			buildActionMask = 2147483647;
			files = (
			);
			runOnlyForDeploymentPostprocessing = 0;
		};
/* End PBXFrameworksBuildPhase section */

/* Begin PBXGroup section */
		106399C629EC4828007B5DD0 /* Categories */ = {
			isa = PBXGroup;
			children = (
				106399C729EC4844007B5DD0 /* CategoryHome.swift */,
				106399C929EC4ABB007B5DD0 /* CategoryRow.swift */,
				106399CB29EC4CAB007B5DD0 /* CategoryItem.swift */,
			);
			path = Categories;
			sourceTree = "<group>";
		};
		106399CF29ED9B74007B5DD0 /* Profiles */ = {
			isa = PBXGroup;
			children = (
				106399D029ED9B9E007B5DD0 /* ProfileHost.swift */,
				106399D229ED9C38007B5DD0 /* ProfileSummary.swift */,
				106399D629EDA262007B5DD0 /* ProfileEditor.swift */,
			);
			path = Profiles;
			sourceTree = "<group>";
		};
		106399EA29EF0846007B5DD0 /* PageView */ = {
			isa = PBXGroup;
			children = (
				106399EB29EF0860007B5DD0 /* PageViewController.swift */,
				106399ED29EF09A6007B5DD0 /* FeatureCard.swift */,
				106399EF29EF0A28007B5DD0 /* PageView.swift */,
				106399F129EF0E8E007B5DD0 /* PageControl.swift */,
			);
			path = PageView;
			sourceTree = "<group>";
		};
		10BDF6AF29FC3497006BA93E /* MacLandmarks */ = {
			isa = PBXGroup;
			children = (
				10BDF6B229FC3497006BA93E /* ContentView.swift */,
				10BDF6CA29FC3768006BA93E /* LandmarkDetail.swift */,
				10BDF6B429FC3498006BA93E /* Assets.xcassets */,
				10BDF6B929FC3498006BA93E /* MacLandmarks.entitlements */,
				10BDF6B629FC3498006BA93E /* Preview Content */,
			);
			path = MacLandmarks;
			sourceTree = "<group>";
		};
		10BDF6B629FC3498006BA93E /* Preview Content */ = {
			isa = PBXGroup;
			children = (
				10BDF6B729FC3498006BA93E /* Preview Assets.xcassets */,
			);
			path = "Preview Content";
			sourceTree = "<group>";
		};
		10EAAFD629E314F10068F8A3 = {
			isa = PBXGroup;
			children = (
				10EAAFE129E314F10068F8A3 /* Landmarks */,
				10FBA52829F04F89000D6C4E /* WatchLandmarks Watch App */,
				10BDF6AF29FC3497006BA93E /* MacLandmarks */,
				10EAAFE029E314F10068F8A3 /* Products */,
			);
			sourceTree = "<group>";
		};
		10EAAFE029E314F10068F8A3 /* Products */ = {
			isa = PBXGroup;
			children = (
				10EAAFDF29E314F10068F8A3 /* Landmarks.app */,
				10FBA52729F04F89000D6C4E /* WatchLandmarks Watch App.app */,
				10BDF6AE29FC3497006BA93E /* MacLandmarks.app */,
			);
			name = Products;
			sourceTree = "<group>";
		};
		10EAAFE129E314F10068F8A3 /* Landmarks */ = {
			isa = PBXGroup;
			children = (
				10EAAFE229E314F10068F8A3 /* LandmarksApp.swift */,
				10EAAFFA29E5A6390068F8A3 /* Views */,
				106399CF29ED9B74007B5DD0 /* Profiles */,
				10EAAFFB29E5A65D0068F8A3 /* Model */,
				10EAAFFC29E5A66F0068F8A3 /* Resources */,
				10EAAFE629E314F40068F8A3 /* Assets.xcassets */,
				10EAAFE829E314F40068F8A3 /* Preview Content */,
			);
			path = Landmarks;
			sourceTree = "<group>";
		};
		10EAAFE829E314F40068F8A3 /* Preview Content */ = {
			isa = PBXGroup;
			children = (
				10EAAFE929E314F40068F8A3 /* Preview Assets.xcassets */,
			);
			path = "Preview Content";
			sourceTree = "<group>";
		};
		10EAAFFA29E5A6390068F8A3 /* Views */ = {
			isa = PBXGroup;
			children = (
				106399EA29EF0846007B5DD0 /* PageView */,
				106399C629EC4828007B5DD0 /* Categories */,
				10EAB01829E9B3A00068F8A3 /* Hikes */,
				10EAB00629E71A530068F8A3 /* Helpers */,
				10EAB00529E71A390068F8A3 /* Landmarks */,
				10EAB01129E8658D0068F8A3 /* Badges */,
				10EAAFE429E314F10068F8A3 /* ContentView.swift */,
			);
			path = Views;
			sourceTree = "<group>";
		};
		10EAAFFB29E5A65D0068F8A3 /* Model */ = {
			isa = PBXGroup;
			children = (
				10EAAFF629E5A48A0068F8A3 /* Landmark.swift */,
				10EAAFF829E5A5A10068F8A3 /* ModelData.swift */,
				10EAB01629E9B2F70068F8A3 /* Hike.swift */,
				106399CD29ED9B3C007B5DD0 /* Profile.swift */,
			);
			path = Model;
			sourceTree = "<group>";
		};
		10EAAFFC29E5A66F0068F8A3 /* Resources */ = {
			isa = PBXGroup;
			children = (
				10EAB01429E9B2D20068F8A3 /* hikeData.json */,
				10EAAFF429E5A45C0068F8A3 /* landmarkData.json */,
			);
			path = Resources;
			sourceTree = "<group>";
		};
		10EAB00529E71A390068F8A3 /* Landmarks */ = {
			isa = PBXGroup;
			children = (
				10EAAFFD29E5A6DD0068F8A3 /* LandmarkRow.swift */,
				10EAAFFF29E5A96B0068F8A3 /* LandmarksList.swift */,
				10EAB00129E5AAD00068F8A3 /* LandmarkDetail.swift */,
			);
			path = Landmarks;
			sourceTree = "<group>";
		};
		10EAB00629E71A530068F8A3 /* Helpers */ = {
			isa = PBXGroup;
			children = (
				10EAAFF029E31B060068F8A3 /* CircleImage.swift */,
				10EAAFF229E31C800068F8A3 /* MapView.swift */,
				10EAB00329E719AD0068F8A3 /* FavoriteButton.swift */,
			);
			path = Helpers;
			sourceTree = "<group>";
		};
		10EAB01129E8658D0068F8A3 /* Badges */ = {
			isa = PBXGroup;
			children = (
				10EAB00729E859DB0068F8A3 /* HexagonParameters.swift */,
				10EAB00929E85AFB0068F8A3 /* BadgeBackground.swift */,
				10EAB00B29E8621A0068F8A3 /* BadgeSymbol.swift */,
				10EAB00D29E863CC0068F8A3 /* RotatedBadgeSymbol.swift */,
				10EAB00F29E864510068F8A3 /* Badge.swift */,
			);
			path = Badges;
			sourceTree = "<group>";
		};
		10EAB01829E9B3A00068F8A3 /* Hikes */ = {
			isa = PBXGroup;
			children = (
				10EAB01929E9B3A00068F8A3 /* GraphCapsule.swift */,
				10EAB01A29E9B3A00068F8A3 /* HikeGraph.swift */,
				10EAB01B29E9B3A00068F8A3 /* HikeDetail.swift */,
				10EAB01C29E9B3A00068F8A3 /* HikeView.swift */,
				106399D429ED9D16007B5DD0 /* HikeBadge.swift */,
			);
			path = Hikes;
			sourceTree = "<group>";
		};
		10FBA52829F04F89000D6C4E /* WatchLandmarks Watch App */ = {
			isa = PBXGroup;
			children = (
				10FBA52B29F04F89000D6C4E /* ContentView.swift */,
				10BDF6D229FC3F52006BA93E /* LandmarksList.swift */,
				10FBA54129F05381000D6C4E /* LandmarkDetail.swift */,
				10FBA52D29F04F8C000D6C4E /* Assets.xcassets */,
				10FBA52F29F04F8C000D6C4E /* Preview Content */,
				10FBA54329F0591B000D6C4E /* NotificationView.swift */,
				10FBA54529F05999000D6C4E /* NotificationController.swift */,
				10FBA54729F05AA5000D6C4E /* PushNotificationPayload.apns */,
			);
			path = "WatchLandmarks Watch App";
			sourceTree = "<group>";
		};
		10FBA52F29F04F8C000D6C4E /* Preview Content */ = {
			isa = PBXGroup;
			children = (
				10FBA53029F04F8C000D6C4E /* Preview Assets.xcassets */,
			);
			path = "Preview Content";
			sourceTree = "<group>";
		};
/* End PBXGroup section */

/* Begin PBXNativeTarget section */
		10BDF6AD29FC3497006BA93E /* MacLandmarks */ = {
			isa = PBXNativeTarget;
			buildConfigurationList = 10BDF6BC29FC3498006BA93E /* Build configuration list for PBXNativeTarget "MacLandmarks" */;
			buildPhases = (
				10BDF6AA29FC3497006BA93E /* Sources */,
				10BDF6AB29FC3497006BA93E /* Frameworks */,
				10BDF6AC29FC3497006BA93E /* Resources */,
			);
			buildRules = (
			);
			dependencies = (
			);
			name = MacLandmarks;
			productName = MacLandmarks;
			productReference = 10BDF6AE29FC3497006BA93E /* MacLandmarks.app */;
			productType = "com.apple.product-type.application";
		};
		10EAAFDE29E314F10068F8A3 /* Landmarks */ = {
			isa = PBXNativeTarget;
			buildConfigurationList = 10EAAFED29E314F40068F8A3 /* Build configuration list for PBXNativeTarget "Landmarks" */;
			buildPhases = (
				10EAAFDB29E314F10068F8A3 /* Sources */,
				10EAAFDC29E314F10068F8A3 /* Frameworks */,
				10EAAFDD29E314F10068F8A3 /* Resources */,
			);
			buildRules = (
			);
			dependencies = (
			);
			name = Landmarks;
			productName = Landmarks;
			productReference = 10EAAFDF29E314F10068F8A3 /* Landmarks.app */;
			productType = "com.apple.product-type.application";
		};
		10FBA52629F04F89000D6C4E /* WatchLandmarks Watch App */ = {
			isa = PBXNativeTarget;
			buildConfigurationList = 10FBA53429F04F8C000D6C4E /* Build configuration list for PBXNativeTarget "WatchLandmarks Watch App" */;
			buildPhases = (
				10FBA52329F04F89000D6C4E /* Sources */,
				10FBA52429F04F89000D6C4E /* Frameworks */,
				10FBA52529F04F89000D6C4E /* Resources */,
			);
			buildRules = (
			);
			dependencies = (
			);
			name = "WatchLandmarks Watch App";
			productName = "WatchLandmarks Watch App";
			productReference = 10FBA52729F04F89000D6C4E /* WatchLandmarks Watch App.app */;
			productType = "com.apple.product-type.application";
		};
/* End PBXNativeTarget section */

/* Begin PBXProject section */
		10EAAFD729E314F10068F8A3 /* Project object */ = {
			isa = PBXProject;
			attributes = {
				BuildIndependentTargetsInParallel = 1;
				LastSwiftUpdateCheck = 1420;
				LastUpgradeCheck = 1420;
				TargetAttributes = {
					10BDF6AD29FC3497006BA93E = {
						CreatedOnToolsVersion = 14.2;
					};
					10EAAFDE29E314F10068F8A3 = {
						CreatedOnToolsVersion = 14.2;
					};
					10FBA52629F04F89000D6C4E = {
						CreatedOnToolsVersion = 14.2;
					};
				};
			};
			buildConfigurationList = 10EAAFDA29E314F10068F8A3 /* Build configuration list for PBXProject "Landmarks" */;
			compatibilityVersion = "Xcode 14.0";
			developmentRegion = en;
			hasScannedForEncodings = 0;
			knownRegions = (
				en,
				Base,
			);
			mainGroup = 10EAAFD629E314F10068F8A3;
			productRefGroup = 10EAAFE029E314F10068F8A3 /* Products */;
			projectDirPath = "";
			projectRoot = "";
			targets = (
				10EAAFDE29E314F10068F8A3 /* Landmarks */,
				10FBA52629F04F89000D6C4E /* WatchLandmarks Watch App */,
				10BDF6AD29FC3497006BA93E /* MacLandmarks */,
			);
		};
/* End PBXProject section */

/* Begin PBXResourcesBuildPhase section */
		10BDF6AC29FC3497006BA93E /* Resources */ = {
			isa = PBXResourcesBuildPhase;
			buildActionMask = 2147483647;
			files = (
				10BDF6C429FC36D5006BA93E /* hikeData.json in Resources */,
				10BDF6B829FC3498006BA93E /* Preview Assets.xcassets in Resources */,
				10BDF6B529FC3498006BA93E /* Assets.xcassets in Resources */,
				10BDF6BF29FC36D5006BA93E /* landmarkData.json in Resources */,
				10BDF6C529FC36D5006BA93E /* Assets.xcassets in Resources */,
			);
			runOnlyForDeploymentPostprocessing = 0;
		};
		10EAAFDD29E314F10068F8A3 /* Resources */ = {
			isa = PBXResourcesBuildPhase;
			buildActionMask = 2147483647;
			files = (
				10EAB01529E9B2D20068F8A3 /* hikeData.json in Resources */,
				10EAAFEA29E314F40068F8A3 /* Preview Assets.xcassets in Resources */,
				10EAAFE729E314F40068F8A3 /* Assets.xcassets in Resources */,
				10EAAFF529E5A45C0068F8A3 /* landmarkData.json in Resources */,
			);
			runOnlyForDeploymentPostprocessing = 0;
		};
		10FBA52529F04F89000D6C4E /* Resources */ = {
			isa = PBXResourcesBuildPhase;
			buildActionMask = 2147483647;
			files = (
				10FBA53129F04F8C000D6C4E /* Preview Assets.xcassets in Resources */,
				10FBA53C29F05223000D6C4E /* landmarkData.json in Resources */,
				10FBA53B29F05223000D6C4E /* hikeData.json in Resources */,
				10FBA52E29F04F8C000D6C4E /* Assets.xcassets in Resources */,
				10FBA53D29F05223000D6C4E /* Assets.xcassets in Resources */,
				10FBA54829F05AA5000D6C4E /* PushNotificationPayload.apns in Resources */,
			);
			runOnlyForDeploymentPostprocessing = 0;
		};
/* End PBXResourcesBuildPhase section */

/* Begin PBXSourcesBuildPhase section */
		10BDF6AA29FC3497006BA93E /* Sources */ = {
			isa = PBXSourcesBuildPhase;
			buildActionMask = 2147483647;
			files = (
				10BDF6C229FC36D5006BA93E /* Hike.swift in Sources */,
				10BDF6C629FC36DE006BA93E /* CircleImage.swift in Sources */,
				10BDF6BE29FC36C6006BA93E /* LandmarksList.swift in Sources */,
				10BDF6C729FC36DE006BA93E /* FavoriteButton.swift in Sources */,
				10BDF6CB29FC3768006BA93E /* LandmarkDetail.swift in Sources */,
				10BDF6C029FC36D5006BA93E /* ModelData.swift in Sources */,
				10BDF6C329FC36D5006BA93E /* Profile.swift in Sources */,
				10BDF6B329FC3497006BA93E /* ContentView.swift in Sources */,
				10BDF6C829FC36DE006BA93E /* MapView.swift in Sources */,
				10BDF6C929FC36FD006BA93E /* LandmarkRow.swift in Sources */,
				10BDF6BD29FC3603006BA93E /* LandmarksApp.swift in Sources */,
				10BDF6C129FC36D5006BA93E /* Landmark.swift in Sources */,
			);
			runOnlyForDeploymentPostprocessing = 0;
		};
		10EAAFDB29E314F10068F8A3 /* Sources */ = {
			isa = PBXSourcesBuildPhase;
			buildActionMask = 2147483647;
			files = (
				106399CA29EC4ABB007B5DD0 /* CategoryRow.swift in Sources */,
				106399CE29ED9B3C007B5DD0 /* Profile.swift in Sources */,
				10EAAFE529E314F10068F8A3 /* ContentView.swift in Sources */,
				106399C829EC4844007B5DD0 /* CategoryHome.swift in Sources */,
				106399EE29EF09A6007B5DD0 /* FeatureCard.swift in Sources */,
				10EAB01E29E9B3A00068F8A3 /* HikeGraph.swift in Sources */,
				10EAB01029E864510068F8A3 /* Badge.swift in Sources */,
				10EAAFF329E31C800068F8A3 /* MapView.swift in Sources */,
				10EAB01D29E9B3A00068F8A3 /* GraphCapsule.swift in Sources */,
				10EAAFE329E314F10068F8A3 /* LandmarksApp.swift in Sources */,
				106399F229EF0E8E007B5DD0 /* PageControl.swift in Sources */,
				10EAB00429E719AD0068F8A3 /* FavoriteButton.swift in Sources */,
				106399CC29EC4CAB007B5DD0 /* CategoryItem.swift in Sources */,
				10EAB01F29E9B3A00068F8A3 /* HikeDetail.swift in Sources */,
				106399D329ED9C38007B5DD0 /* ProfileSummary.swift in Sources */,
				10EAB00829E859DB0068F8A3 /* HexagonParameters.swift in Sources */,
				106399D129ED9B9E007B5DD0 /* ProfileHost.swift in Sources */,
				10EAB01729E9B2F70068F8A3 /* Hike.swift in Sources */,
				10EAB00E29E863CC0068F8A3 /* RotatedBadgeSymbol.swift in Sources */,
				106399F029EF0A28007B5DD0 /* PageView.swift in Sources */,
				10EAB00C29E8621A0068F8A3 /* BadgeSymbol.swift in Sources */,
				106399D729EDA262007B5DD0 /* ProfileEditor.swift in Sources */,
				10EAAFF129E31B060068F8A3 /* CircleImage.swift in Sources */,
				10EAB02029E9B3A00068F8A3 /* HikeView.swift in Sources */,
				10EAB00229E5AAD00068F8A3 /* LandmarkDetail.swift in Sources */,
				106399EC29EF0860007B5DD0 /* PageViewController.swift in Sources */,
				10EAB00A29E85AFB0068F8A3 /* BadgeBackground.swift in Sources */,
				106399D529ED9D16007B5DD0 /* HikeBadge.swift in Sources */,
				10EAAFF729E5A48A0068F8A3 /* Landmark.swift in Sources */,
				10EAAFFE29E5A6DD0068F8A3 /* LandmarkRow.swift in Sources */,
				10EAAFF929E5A5A10068F8A3 /* ModelData.swift in Sources */,
				10EAB00029E5A96B0068F8A3 /* LandmarksList.swift in Sources */,
			);
			runOnlyForDeploymentPostprocessing = 0;
		};
		10FBA52329F04F89000D6C4E /* Sources */ = {
			isa = PBXSourcesBuildPhase;
			buildActionMask = 2147483647;
			files = (
				10FBA52C29F04F89000D6C4E /* ContentView.swift in Sources */,
				10FBA53729F05223000D6C4E /* MapView.swift in Sources */,
				10FBA54429F0591B000D6C4E /* NotificationView.swift in Sources */,
				10FBA54229F05381000D6C4E /* LandmarkDetail.swift in Sources */,
				10FBA53E29F05223000D6C4E /* LandmarksApp.swift in Sources */,
				10FBA53629F05223000D6C4E /* Landmark.swift in Sources */,
				10FBA53929F05223000D6C4E /* LandmarkRow.swift in Sources */,
				10FBA53A29F05223000D6C4E /* Hike.swift in Sources */,
				105A551729FD5FC8003C8276 /* LandmarksList.swift in Sources */,
				10FBA54629F05999000D6C4E /* NotificationController.swift in Sources */,
				10FBA54029F05223000D6C4E /* Profile.swift in Sources */,
				10FBA53829F05223000D6C4E /* ModelData.swift in Sources */,
				10FBA53F29F05223000D6C4E /* CircleImage.swift in Sources */,
			);
			runOnlyForDeploymentPostprocessing = 0;
		};
/* End PBXSourcesBuildPhase section */

/* Begin XCBuildConfiguration section */
		10BDF6BA29FC3498006BA93E /* Debug */ = {
			isa = XCBuildConfiguration;
			buildSettings = {
				ASSETCATALOG_COMPILER_APPICON_NAME = AppIcon;
				ASSETCATALOG_COMPILER_GLOBAL_ACCENT_COLOR_NAME = AccentColor;
				CODE_SIGN_ENTITLEMENTS = MacLandmarks/MacLandmarks.entitlements;
				CODE_SIGN_STYLE = Automatic;
				COMBINE_HIDPI_IMAGES = YES;
				CURRENT_PROJECT_VERSION = 1;
				DEVELOPMENT_ASSET_PATHS = "\"MacLandmarks/Preview Content\"";
				DEVELOPMENT_TEAM = WNRC3AC2CZ;
				ENABLE_HARDENED_RUNTIME = YES;
				ENABLE_PREVIEWS = YES;
				GENERATE_INFOPLIST_FILE = YES;
				INFOPLIST_KEY_NSHumanReadableCopyright = "";
				LD_RUNPATH_SEARCH_PATHS = (
					"$(inherited)",
					"@executable_path/../Frameworks",
				);
				MACOSX_DEPLOYMENT_TARGET = 13.1;
				MARKETING_VERSION = 1.0;
				PRODUCT_BUNDLE_IDENTIFIER = com.themalx.MacLandmarks;
				PRODUCT_NAME = "$(TARGET_NAME)";
				SDKROOT = macosx;
				SWIFT_EMIT_LOC_STRINGS = YES;
				SWIFT_VERSION = 5.0;
			};
			name = Debug;
		};
		10BDF6BB29FC3498006BA93E /* Release */ = {
			isa = XCBuildConfiguration;
			buildSettings = {
				ASSETCATALOG_COMPILER_APPICON_NAME = AppIcon;
				ASSETCATALOG_COMPILER_GLOBAL_ACCENT_COLOR_NAME = AccentColor;
				CODE_SIGN_ENTITLEMENTS = MacLandmarks/MacLandmarks.entitlements;
				CODE_SIGN_STYLE = Automatic;
				COMBINE_HIDPI_IMAGES = YES;
				CURRENT_PROJECT_VERSION = 1;
				DEVELOPMENT_ASSET_PATHS = "\"MacLandmarks/Preview Content\"";
				DEVELOPMENT_TEAM = WNRC3AC2CZ;
				ENABLE_HARDENED_RUNTIME = YES;
				ENABLE_PREVIEWS = YES;
				GENERATE_INFOPLIST_FILE = YES;
				INFOPLIST_KEY_NSHumanReadableCopyright = "";
				LD_RUNPATH_SEARCH_PATHS = (
					"$(inherited)",
					"@executable_path/../Frameworks",
				);
				MACOSX_DEPLOYMENT_TARGET = 13.1;
				MARKETING_VERSION = 1.0;
				PRODUCT_BUNDLE_IDENTIFIER = com.themalx.MacLandmarks;
				PRODUCT_NAME = "$(TARGET_NAME)";
				SDKROOT = macosx;
				SWIFT_EMIT_LOC_STRINGS = YES;
				SWIFT_VERSION = 5.0;
			};
			name = Release;
		};
		10EAAFEB29E314F40068F8A3 /* Debug */ = {
			isa = XCBuildConfiguration;
			buildSettings = {
				ALWAYS_SEARCH_USER_PATHS = NO;
				CLANG_ANALYZER_NONNULL = YES;
				CLANG_ANALYZER_NUMBER_OBJECT_CONVERSION = YES_AGGRESSIVE;
				CLANG_CXX_LANGUAGE_STANDARD = "gnu++20";
				CLANG_ENABLE_MODULES = YES;
				CLANG_ENABLE_OBJC_ARC = YES;
				CLANG_ENABLE_OBJC_WEAK = YES;
				CLANG_WARN_BLOCK_CAPTURE_AUTORELEASING = YES;
				CLANG_WARN_BOOL_CONVERSION = YES;
				CLANG_WARN_COMMA = YES;
				CLANG_WARN_CONSTANT_CONVERSION = YES;
				CLANG_WARN_DEPRECATED_OBJC_IMPLEMENTATIONS = YES;
				CLANG_WARN_DIRECT_OBJC_ISA_USAGE = YES_ERROR;
				CLANG_WARN_DOCUMENTATION_COMMENTS = YES;
				CLANG_WARN_EMPTY_BODY = YES;
				CLANG_WARN_ENUM_CONVERSION = YES;
				CLANG_WARN_INFINITE_RECURSION = YES;
				CLANG_WARN_INT_CONVERSION = YES;
				CLANG_WARN_NON_LITERAL_NULL_CONVERSION = YES;
				CLANG_WARN_OBJC_IMPLICIT_RETAIN_SELF = YES;
				CLANG_WARN_OBJC_LITERAL_CONVERSION = YES;
				CLANG_WARN_OBJC_ROOT_CLASS = YES_ERROR;
				CLANG_WARN_QUOTED_INCLUDE_IN_FRAMEWORK_HEADER = YES;
				CLANG_WARN_RANGE_LOOP_ANALYSIS = YES;
				CLANG_WARN_STRICT_PROTOTYPES = YES;
				CLANG_WARN_SUSPICIOUS_MOVE = YES;
				CLANG_WARN_UNGUARDED_AVAILABILITY = YES_AGGRESSIVE;
				CLANG_WARN_UNREACHABLE_CODE = YES;
				CLANG_WARN__DUPLICATE_METHOD_MATCH = YES;
				COPY_PHASE_STRIP = NO;
				DEBUG_INFORMATION_FORMAT = dwarf;
				ENABLE_STRICT_OBJC_MSGSEND = YES;
				ENABLE_TESTABILITY = YES;
				GCC_C_LANGUAGE_STANDARD = gnu11;
				GCC_DYNAMIC_NO_PIC = NO;
				GCC_NO_COMMON_BLOCKS = YES;
				GCC_OPTIMIZATION_LEVEL = 0;
				GCC_PREPROCESSOR_DEFINITIONS = (
					"DEBUG=1",
					"$(inherited)",
				);
				GCC_WARN_64_TO_32_BIT_CONVERSION = YES;
				GCC_WARN_ABOUT_RETURN_TYPE = YES_ERROR;
				GCC_WARN_UNDECLARED_SELECTOR = YES;
				GCC_WARN_UNINITIALIZED_AUTOS = YES_AGGRESSIVE;
				GCC_WARN_UNUSED_FUNCTION = YES;
				GCC_WARN_UNUSED_VARIABLE = YES;
				IPHONEOS_DEPLOYMENT_TARGET = 16.2;
				MTL_ENABLE_DEBUG_INFO = INCLUDE_SOURCE;
				MTL_FAST_MATH = YES;
				ONLY_ACTIVE_ARCH = YES;
				SDKROOT = iphoneos;
				SWIFT_ACTIVE_COMPILATION_CONDITIONS = DEBUG;
				SWIFT_OPTIMIZATION_LEVEL = "-Onone";
			};
			name = Debug;
		};
		10EAAFEC29E314F40068F8A3 /* Release */ = {
			isa = XCBuildConfiguration;
			buildSettings = {
				ALWAYS_SEARCH_USER_PATHS = NO;
				CLANG_ANALYZER_NONNULL = YES;
				CLANG_ANALYZER_NUMBER_OBJECT_CONVERSION = YES_AGGRESSIVE;
				CLANG_CXX_LANGUAGE_STANDARD = "gnu++20";
				CLANG_ENABLE_MODULES = YES;
				CLANG_ENABLE_OBJC_ARC = YES;
				CLANG_ENABLE_OBJC_WEAK = YES;
				CLANG_WARN_BLOCK_CAPTURE_AUTORELEASING = YES;
				CLANG_WARN_BOOL_CONVERSION = YES;
				CLANG_WARN_COMMA = YES;
				CLANG_WARN_CONSTANT_CONVERSION = YES;
				CLANG_WARN_DEPRECATED_OBJC_IMPLEMENTATIONS = YES;
				CLANG_WARN_DIRECT_OBJC_ISA_USAGE = YES_ERROR;
				CLANG_WARN_DOCUMENTATION_COMMENTS = YES;
				CLANG_WARN_EMPTY_BODY = YES;
				CLANG_WARN_ENUM_CONVERSION = YES;
				CLANG_WARN_INFINITE_RECURSION = YES;
				CLANG_WARN_INT_CONVERSION = YES;
				CLANG_WARN_NON_LITERAL_NULL_CONVERSION = YES;
				CLANG_WARN_OBJC_IMPLICIT_RETAIN_SELF = YES;
				CLANG_WARN_OBJC_LITERAL_CONVERSION = YES;
				CLANG_WARN_OBJC_ROOT_CLASS = YES_ERROR;
				CLANG_WARN_QUOTED_INCLUDE_IN_FRAMEWORK_HEADER = YES;
				CLANG_WARN_RANGE_LOOP_ANALYSIS = YES;
				CLANG_WARN_STRICT_PROTOTYPES = YES;
				CLANG_WARN_SUSPICIOUS_MOVE = YES;
				CLANG_WARN_UNGUARDED_AVAILABILITY = YES_AGGRESSIVE;
				CLANG_WARN_UNREACHABLE_CODE = YES;
				CLANG_WARN__DUPLICATE_METHOD_MATCH = YES;
				COPY_PHASE_STRIP = NO;
				DEBUG_INFORMATION_FORMAT = "dwarf-with-dsym";
				ENABLE_NS_ASSERTIONS = NO;
				ENABLE_STRICT_OBJC_MSGSEND = YES;
				GCC_C_LANGUAGE_STANDARD = gnu11;
				GCC_NO_COMMON_BLOCKS = YES;
				GCC_WARN_64_TO_32_BIT_CONVERSION = YES;
				GCC_WARN_ABOUT_RETURN_TYPE = YES_ERROR;
				GCC_WARN_UNDECLARED_SELECTOR = YES;
				GCC_WARN_UNINITIALIZED_AUTOS = YES_AGGRESSIVE;
				GCC_WARN_UNUSED_FUNCTION = YES;
				GCC_WARN_UNUSED_VARIABLE = YES;
				IPHONEOS_DEPLOYMENT_TARGET = 16.2;
				MTL_ENABLE_DEBUG_INFO = NO;
				MTL_FAST_MATH = YES;
				SDKROOT = iphoneos;
				SWIFT_COMPILATION_MODE = wholemodule;
				SWIFT_OPTIMIZATION_LEVEL = "-O";
				VALIDATE_PRODUCT = YES;
			};
			name = Release;
		};
		10EAAFEE29E314F40068F8A3 /* Debug */ = {
			isa = XCBuildConfiguration;
			buildSettings = {
				ASSETCATALOG_COMPILER_APPICON_NAME = AppIcon;
				ASSETCATALOG_COMPILER_GLOBAL_ACCENT_COLOR_NAME = AccentColor;
				CODE_SIGN_IDENTITY = "Apple Development";
				CODE_SIGN_STYLE = Automatic;
				CURRENT_PROJECT_VERSION = 1;
				DEVELOPMENT_ASSET_PATHS = "\"Landmarks/Preview Content\"";
				DEVELOPMENT_TEAM = S425E3PBRN;
				ENABLE_PREVIEWS = YES;
				GENERATE_INFOPLIST_FILE = YES;
				INFOPLIST_KEY_UIApplicationSceneManifest_Generation = YES;
				INFOPLIST_KEY_UIApplicationSupportsIndirectInputEvents = YES;
				INFOPLIST_KEY_UILaunchScreen_Generation = YES;
				INFOPLIST_KEY_UISupportedInterfaceOrientations_iPad = "UIInterfaceOrientationPortrait UIInterfaceOrientationPortraitUpsideDown UIInterfaceOrientationLandscapeLeft UIInterfaceOrientationLandscapeRight";
				INFOPLIST_KEY_UISupportedInterfaceOrientations_iPhone = "UIInterfaceOrientationPortrait UIInterfaceOrientationLandscapeLeft UIInterfaceOrientationLandscapeRight";
				LD_RUNPATH_SEARCH_PATHS = (
					"$(inherited)",
					"@executable_path/Frameworks",
				);
				MARKETING_VERSION = 1.0;
				PRODUCT_BUNDLE_IDENTIFIER = com.themalx.Landmarks;
				PRODUCT_NAME = "$(TARGET_NAME)";
				PROVISIONING_PROFILE_SPECIFIER = "";
				SWIFT_EMIT_LOC_STRINGS = YES;
				SWIFT_VERSION = 5.0;
				TARGETED_DEVICE_FAMILY = "1,2";
			};
			name = Debug;
		};
		10EAAFEF29E314F40068F8A3 /* Release */ = {
			isa = XCBuildConfiguration;
			buildSettings = {
				ASSETCATALOG_COMPILER_APPICON_NAME = AppIcon;
				ASSETCATALOG_COMPILER_GLOBAL_ACCENT_COLOR_NAME = AccentColor;
				CODE_SIGN_IDENTITY = "Apple Development";
				CODE_SIGN_STYLE = Automatic;
				CURRENT_PROJECT_VERSION = 1;
				DEVELOPMENT_ASSET_PATHS = "\"Landmarks/Preview Content\"";
				DEVELOPMENT_TEAM = S425E3PBRN;
				ENABLE_PREVIEWS = YES;
				GENERATE_INFOPLIST_FILE = YES;
				INFOPLIST_KEY_UIApplicationSceneManifest_Generation = YES;
				INFOPLIST_KEY_UIApplicationSupportsIndirectInputEvents = YES;
				INFOPLIST_KEY_UILaunchScreen_Generation = YES;
				INFOPLIST_KEY_UISupportedInterfaceOrientations_iPad = "UIInterfaceOrientationPortrait UIInterfaceOrientationPortraitUpsideDown UIInterfaceOrientationLandscapeLeft UIInterfaceOrientationLandscapeRight";
				INFOPLIST_KEY_UISupportedInterfaceOrientations_iPhone = "UIInterfaceOrientationPortrait UIInterfaceOrientationLandscapeLeft UIInterfaceOrientationLandscapeRight";
				LD_RUNPATH_SEARCH_PATHS = (
					"$(inherited)",
					"@executable_path/Frameworks",
				);
				MARKETING_VERSION = 1.0;
				PRODUCT_BUNDLE_IDENTIFIER = com.themalx.Landmarks;
				PRODUCT_NAME = "$(TARGET_NAME)";
				PROVISIONING_PROFILE_SPECIFIER = "";
				SWIFT_EMIT_LOC_STRINGS = YES;
				SWIFT_VERSION = 5.0;
				TARGETED_DEVICE_FAMILY = "1,2";
			};
			name = Release;
		};
		10FBA53229F04F8C000D6C4E /* Debug */ = {
			isa = XCBuildConfiguration;
			buildSettings = {
				ASSETCATALOG_COMPILER_APPICON_NAME = AppIcon;
				ASSETCATALOG_COMPILER_GLOBAL_ACCENT_COLOR_NAME = AccentColor;
				CODE_SIGN_STYLE = Automatic;
				CURRENT_PROJECT_VERSION = 1;
				DEVELOPMENT_ASSET_PATHS = "\"WatchLandmarks Watch App/Preview Content\"";
				DEVELOPMENT_TEAM = S425E3PBRN;
				ENABLE_PREVIEWS = YES;
				GENERATE_INFOPLIST_FILE = YES;
				INFOPLIST_KEY_CFBundleDisplayName = WatchLandmarks;
				INFOPLIST_KEY_UISupportedInterfaceOrientations = "UIInterfaceOrientationPortrait UIInterfaceOrientationPortraitUpsideDown";
				INFOPLIST_KEY_WKCompanionAppBundleIdentifier = "";
				INFOPLIST_KEY_WKRunsIndependentlyOfCompanionApp = YES;
				LD_RUNPATH_SEARCH_PATHS = (
					"$(inherited)",
					"@executable_path/Frameworks",
				);
				MARKETING_VERSION = 1.0;
				PRODUCT_BUNDLE_IDENTIFIER = .watchApp;
				PRODUCT_NAME = "$(TARGET_NAME)";
				SDKROOT = watchos;
				SKIP_INSTALL = YES;
				SWIFT_EMIT_LOC_STRINGS = YES;
				SWIFT_VERSION = 5.0;
				TARGETED_DEVICE_FAMILY = 4;
				WATCHOS_DEPLOYMENT_TARGET = 9.1;
			};
			name = Debug;
		};
		10FBA53329F04F8C000D6C4E /* Release */ = {
			isa = XCBuildConfiguration;
			buildSettings = {
				ASSETCATALOG_COMPILER_APPICON_NAME = AppIcon;
				ASSETCATALOG_COMPILER_GLOBAL_ACCENT_COLOR_NAME = AccentColor;
				CODE_SIGN_STYLE = Automatic;
				CURRENT_PROJECT_VERSION = 1;
				DEVELOPMENT_ASSET_PATHS = "\"WatchLandmarks Watch App/Preview Content\"";
				DEVELOPMENT_TEAM = S425E3PBRN;
				ENABLE_PREVIEWS = YES;
				GENERATE_INFOPLIST_FILE = YES;
				INFOPLIST_KEY_CFBundleDisplayName = WatchLandmarks;
				INFOPLIST_KEY_UISupportedInterfaceOrientations = "UIInterfaceOrientationPortrait UIInterfaceOrientationPortraitUpsideDown";
				INFOPLIST_KEY_WKCompanionAppBundleIdentifier = "";
				INFOPLIST_KEY_WKRunsIndependentlyOfCompanionApp = YES;
				LD_RUNPATH_SEARCH_PATHS = (
					"$(inherited)",
					"@executable_path/Frameworks",
				);
				MARKETING_VERSION = 1.0;
				PRODUCT_BUNDLE_IDENTIFIER = .watchApp;
				PRODUCT_NAME = "$(TARGET_NAME)";
				SDKROOT = watchos;
				SKIP_INSTALL = YES;
				SWIFT_EMIT_LOC_STRINGS = YES;
				SWIFT_VERSION = 5.0;
				TARGETED_DEVICE_FAMILY = 4;
				WATCHOS_DEPLOYMENT_TARGET = 9.1;
			};
			name = Release;
		};
/* End XCBuildConfiguration section */

/* Begin XCConfigurationList section */
		10BDF6BC29FC3498006BA93E /* Build configuration list for PBXNativeTarget "MacLandmarks" */ = {
			isa = XCConfigurationList;
			buildConfigurations = (
				10BDF6BA29FC3498006BA93E /* Debug */,
				10BDF6BB29FC3498006BA93E /* Release */,
			);
			defaultConfigurationIsVisible = 0;
			defaultConfigurationName = Release;
		};
		10EAAFDA29E314F10068F8A3 /* Build configuration list for PBXProject "Landmarks" */ = {
			isa = XCConfigurationList;
			buildConfigurations = (
				10EAAFEB29E314F40068F8A3 /* Debug */,
				10EAAFEC29E314F40068F8A3 /* Release */,
			);
			defaultConfigurationIsVisible = 0;
			defaultConfigurationName = Release;
		};
		10EAAFED29E314F40068F8A3 /* Build configuration list for PBXNativeTarget "Landmarks" */ = {
			isa = XCConfigurationList;
			buildConfigurations = (
				10EAAFEE29E314F40068F8A3 /* Debug */,
				10EAAFEF29E314F40068F8A3 /* Release */,
			);
			defaultConfigurationIsVisible = 0;
			defaultConfigurationName = Release;
		};
		10FBA53429F04F8C000D6C4E /* Build configuration list for PBXNativeTarget "WatchLandmarks Watch App" */ = {
			isa = XCConfigurationList;
			buildConfigurations = (
				10FBA53229F04F8C000D6C4E /* Debug */,
				10FBA53329F04F8C000D6C4E /* Release */,
			);
			defaultConfigurationIsVisible = 0;
			defaultConfigurationName = Release;
		};
/* End XCConfigurationList section */
	};
	rootObject = 10EAAFD729E314F10068F8A3 /* Project object */;
}
